
Microsoft Visual Studio Solution File, Format Version 12.00
# Visual Studio Version 16
VisualStudioVersion = 16.0.34301.259
MinimumVisualStudioVersion = 10.0.40219.1
Project("{8BC9CEB8-8B4A-11D0-8D11-00A0C91BC942}") = "WebBK", "WebBK.vcxproj", "{A504BD03-CEEB-4C47-B5E7-049DC3528192}"
EndProject
Global
	GlobalSection(SolutionConfigurationPlatforms) = preSolution
		Debug|ARM = Debug|ARM
		Debug|ARM64 = Debug|ARM64
		Debug|x64 = Debug|x64
		Debug|x86 = Debug|x86
		Release|ARM = Release|ARM
		Release|ARM64 = Release|ARM64
		Release|x64 = Release|x64
		Release|x86 = Release|x86
	EndGlobalSection
	GlobalSection(ProjectConfigurationPlatforms) = postSolution
		{A504BD03-CEEB-4C47-B5E7-049DC3528192}.Debug|ARM.ActiveCfg = Debug|ARM
		{A504BD03-CEEB-4C47-B5E7-049DC3528192}.Debug|ARM.Build.0 = Debug|ARM
		{A504BD03-CEEB-4C47-B5E7-049DC3528192}.Debug|ARM.Deploy.0 = Debug|ARM
		{A504BD03-CEEB-4C47-B5E7-049DC3528192}.Debug|ARM64.ActiveCfg = Debug|ARM64
		{A504BD03-CEEB-4C47-B5E7-049DC3528192}.Debug|ARM64.Build.0 = Debug|ARM64
		{A504BD03-CEEB-4C47-B5E7-049DC3528192}.Debug|ARM64.Deploy.0 = Debug|ARM64
		{A504BD03-CEEB-4C47-B5E7-049DC3528192}.Debug|x64.ActiveCfg = Debug|x64
		{A504BD03-CEEB-4C47-B5E7-049DC3528192}.Debug|x64.Build.0 = Debug|x64
		{A504BD03-CEEB-4C47-B5E7-049DC3528192}.Debug|x64.Deploy.0 = Debug|x64
		{A504BD03-CEEB-4C47-B5E7-049DC3528192}.Debug|x86.ActiveCfg = Debug|Win32
		{A504BD03-CEEB-4C47-B5E7-049DC3528192}.Debug|x86.Build.0 = Debug|Win32
		{A504BD03-CEEB-4C47-B5E7-049DC3528192}.Debug|x86.Deploy.0 = Debug|Win32
		{A504BD03-CEEB-4C47-B5E7-049DC3528192}.Release|ARM.ActiveCfg = Release|ARM
		{A504BD03-CEEB-4C47-B5E7-049DC3528192}.Release|ARM.Build.0 = Release|ARM
		{A504BD03-CEEB-4C47-B5E7-049DC3528192}.Release|ARM.Deploy.0 = Release|ARM
		{A504BD03-CEEB-4C47-B5E7-049DC3528192}.Release|ARM64.ActiveCfg = Release|ARM64
		{A504BD03-CEEB-4C47-B5E7-049DC3528192}.Release|ARM64.Build.0 = Release|ARM64
		{A504BD03-CEEB-4C47-B5E7-049DC3528192}.Release|ARM64.Deploy.0 = Release|ARM64
		{A504BD03-CEEB-4C47-B5E7-049DC3528192}.Release|x64.ActiveCfg = Release|x64
		{A504BD03-CEEB-4C47-B5E7-049DC3528192}.Release|x64.Build.0 = Release|x64
		{A504BD03-CEEB-4C47-B5E7-049DC3528192}.Release|x64.Deploy.0 = Release|x64
		{A504BD03-CEEB-4C47-B5E7-049DC3528192}.Release|x86.ActiveCfg = Release|Win32
		{A504BD03-CEEB-4C47-B5E7-049DC3528192}.Release|x86.Build.0 = Release|Win32
		{A504BD03-CEEB-4C47-B5E7-049DC3528192}.Release|x86.Deploy.0 = Release|Win32
	EndGlobalSection
	GlobalSection(SolutionProperties) = preSolution
		HideSolutionNode = FALSE
	EndGlobalSection
	GlobalSection(ExtensibilityGlobals) = postSolution
		SolutionGuid = {0B2CB2FD-20E5-4341-8B0E-5252CF3CC189}
	EndGlobalSection
EndGlobal
